
Microsoft Visual Studio Solution File, Format Version 12.00
# Visual Studio Version 17
VisualStudioVersion = 17.5.33424.131
MinimumVisualStudioVersion = 10.0.40219.1
Project("{8BC9CEB8-8B4A-11D0-8D11-00A0C91BC942}") = "4-3일차", "4-3일차.vcxproj", "{F7809212-5BC8-4880-8EEA-A9901420A686}"
EndProject
Global
	GlobalSection(SolutionConfigurationPlatforms) = preSolution
		Debug|x64 = Debug|x64
		Debug|x86 = Debug|x86
		Release|x64 = Release|x64
		Release|x86 = Release|x86
	EndGlobalSection
	GlobalSection(ProjectConfigurationPlatforms) = postSolution
		{F7809212-5BC8-4880-8EEA-A9901420A686}.Debug|x64.ActiveCfg = Debug|x64
		{F7809212-5BC8-4880-8EEA-A9901420A686}.Debug|x64.Build.0 = Debug|x64
		{F7809212-5BC8-4880-8EEA-A9901420A686}.Debug|x86.ActiveCfg = Debug|Win32
		{F7809212-5BC8-4880-8EEA-A9901420A686}.Debug|x86.Build.0 = Debug|Win32
		{F7809212-5BC8-4880-8EEA-A9901420A686}.Release|x64.ActiveCfg = Release|x64
		{F7809212-5BC8-4880-8EEA-A9901420A686}.Release|x64.Build.0 = Release|x64
		{F7809212-5BC8-4880-8EEA-A9901420A686}.Release|x86.ActiveCfg = Release|Win32
		{F7809212-5BC8-4880-8EEA-A9901420A686}.Release|x86.Build.0 = Release|Win32
	EndGlobalSection
	GlobalSection(SolutionProperties) = preSolution
		HideSolutionNode = FALSE
	EndGlobalSection
	GlobalSection(ExtensibilityGlobals) = postSolution
		SolutionGuid = {6AC48EB8-0B94-45C2-A0C6-6EE2DB2B8D07}
	EndGlobalSection
EndGlobal
